
Microsoft Visual Studio Solution File, Format Version 12.00
# Visual Studio Version 16
VisualStudioVersion = 16.0.31424.327
MinimumVisualStudioVersion = 10.0.40219.1
Project("{FAE04EC0-301F-11D3-BF4B-00C04F79EFBC}") = "Notes.Android", "Notes\Notes.Android\Notes.Android.csproj", "{FA4530B8-C5A3-4D97-A91B-32CA2F9C8860}"
EndProject
Project("{FAE04EC0-301F-11D3-BF4B-00C04F79EFBC}") = "Notes.iOS", "Notes\Notes.iOS\Notes.iOS.csproj", "{3B72429E-9F2C-4304-9C45-29203CBAB3D6}"
EndProject
Project("{FAE04EC0-301F-11D3-BF4B-00C04F79EFBC}") = "Notes", "Notes\Notes\Notes.csproj", "{02F4C086-5706-489F-9F49-F9A39C1BD058}"
EndProject
Global
	GlobalSection(SolutionConfigurationPlatforms) = preSolution
		Debug|Any CPU = Debug|Any CPU
		Debug|iPhone = Debug|iPhone
		Debug|iPhoneSimulator = Debug|iPhoneSimulator
		Release|Any CPU = Release|Any CPU
		Release|iPhone = Release|iPhone
		Release|iPhoneSimulator = Release|iPhoneSimulator
	EndGlobalSection
	GlobalSection(ProjectConfigurationPlatforms) = postSolution
		{FA4530B8-C5A3-4D97-A91B-32CA2F9C8860}.Debug|Any CPU.ActiveCfg = Debug|Any CPU
		{FA4530B8-C5A3-4D97-A91B-32CA2F9C8860}.Debug|Any CPU.Build.0 = Debug|Any CPU
		{FA4530B8-C5A3-4D97-A91B-32CA2F9C8860}.Debug|Any CPU.Deploy.0 = Debug|Any CPU
		{FA4530B8-C5A3-4D97-A91B-32CA2F9C8860}.Debug|iPhone.ActiveCfg = Debug|Any CPU
		{FA4530B8-C5A3-4D97-A91B-32CA2F9C8860}.Debug|iPhone.Build.0 = Debug|Any CPU
		{FA4530B8-C5A3-4D97-A91B-32CA2F9C8860}.Debug|iPhone.Deploy.0 = Debug|Any CPU
		{FA4530B8-C5A3-4D97-A91B-32CA2F9C8860}.Debug|iPhoneSimulator.ActiveCfg = Debug|Any CPU
		{FA4530B8-C5A3-4D97-A91B-32CA2F9C8860}.Debug|iPhoneSimulator.Build.0 = Debug|Any CPU
		{FA4530B8-C5A3-4D97-A91B-32CA2F9C8860}.Debug|iPhoneSimulator.Deploy.0 = Debug|Any CPU
		{FA4530B8-C5A3-4D97-A91B-32CA2F9C8860}.Release|Any CPU.ActiveCfg = Release|Any CPU
		{FA4530B8-C5A3-4D97-A91B-32CA2F9C8860}.Release|Any CPU.Build.0 = Release|Any CPU
		{FA4530B8-C5A3-4D97-A91B-32CA2F9C8860}.Release|Any CPU.Deploy.0 = Release|Any CPU
		{FA4530B8-C5A3-4D97-A91B-32CA2F9C8860}.Release|iPhone.ActiveCfg = Release|Any CPU
		{FA4530B8-C5A3-4D97-A91B-32CA2F9C8860}.Release|iPhone.Build.0 = Release|Any CPU
		{FA4530B8-C5A3-4D97-A91B-32CA2F9C8860}.Release|iPhone.Deploy.0 = Release|Any CPU
		{FA4530B8-C5A3-4D97-A91B-32CA2F9C8860}.Release|iPhoneSimulator.ActiveCfg = Release|Any CPU
		{FA4530B8-C5A3-4D97-A91B-32CA2F9C8860}.Release|iPhoneSimulator.Build.0 = Release|Any CPU
		{FA4530B8-C5A3-4D97-A91B-32CA2F9C8860}.Release|iPhoneSimulator.Deploy.0 = Release|Any CPU
		{3B72429E-9F2C-4304-9C45-29203CBAB3D6}.Debug|Any CPU.ActiveCfg = Debug|iPhone
		{3B72429E-9F2C-4304-9C45-29203CBAB3D6}.Debug|Any CPU.Build.0 = Debug|iPhone
		{3B72429E-9F2C-4304-9C45-29203CBAB3D6}.Debug|Any CPU.Deploy.0 = Debug|iPhone
		{3B72429E-9F2C-4304-9C45-29203CBAB3D6}.Debug|iPhone.ActiveCfg = Debug|iPhone
		{3B72429E-9F2C-4304-9C45-29203CBAB3D6}.Debug|iPhone.Build.0 = Debug|iPhone
		{3B72429E-9F2C-4304-9C45-29203CBAB3D6}.Debug|iPhone.Deploy.0 = Debug|iPhone
		{3B72429E-9F2C-4304-9C45-29203CBAB3D6}.Debug|iPhoneSimulator.ActiveCfg = Debug|iPhoneSimulator
		{3B72429E-9F2C-4304-9C45-29203CBAB3D6}.Debug|iPhoneSimulator.Build.0 = Debug|iPhoneSimulator
		{3B72429E-9F2C-4304-9C45-29203CBAB3D6}.Debug|iPhoneSimulator.Deploy.0 = Debug|iPhoneSimulator
		{3B72429E-9F2C-4304-9C45-29203CBAB3D6}.Release|Any CPU.ActiveCfg = Release|iPhoneSimulator
		{3B72429E-9F2C-4304-9C45-29203CBAB3D6}.Release|Any CPU.Build.0 = Release|iPhoneSimulator
		{3B72429E-9F2C-4304-9C45-29203CBAB3D6}.Release|Any CPU.Deploy.0 = Release|iPhoneSimulator
		{3B72429E-9F2C-4304-9C45-29203CBAB3D6}.Release|iPhone.ActiveCfg = Release|iPhone
		{3B72429E-9F2C-4304-9C45-29203CBAB3D6}.Release|iPhone.Build.0 = Release|iPhone
		{3B72429E-9F2C-4304-9C45-29203CBAB3D6}.Release|iPhone.Deploy.0 = Release|iPhone
		{3B72429E-9F2C-4304-9C45-29203CBAB3D6}.Release|iPhoneSimulator.ActiveCfg = Release|iPhoneSimulator
		{3B72429E-9F2C-4304-9C45-29203CBAB3D6}.Release|iPhoneSimulator.Build.0 = Release|iPhoneSimulator
		{3B72429E-9F2C-4304-9C45-29203CBAB3D6}.Release|iPhoneSimulator.Deploy.0 = Release|iPhoneSimulator
		{02F4C086-5706-489F-9F49-F9A39C1BD058}.Debug|Any CPU.ActiveCfg = Debug|Any CPU
		{02F4C086-5706-489F-9F49-F9A39C1BD058}.Debug|Any CPU.Build.0 = Debug|Any CPU
		{02F4C086-5706-489F-9F49-F9A39C1BD058}.Debug|Any CPU.Deploy.0 = Debug|Any CPU
		{02F4C086-5706-489F-9F49-F9A39C1BD058}.Debug|iPhone.ActiveCfg = Debug|Any CPU
		{02F4C086-5706-489F-9F49-F9A39C1BD058}.Debug|iPhone.Build.0 = Debug|Any CPU
		{02F4C086-5706-489F-9F49-F9A39C1BD058}.Debug|iPhone.Deploy.0 = Debug|Any CPU
		{02F4C086-5706-489F-9F49-F9A39C1BD058}.Debug|iPhoneSimulator.ActiveCfg = Debug|Any CPU
		{02F4C086-5706-489F-9F49-F9A39C1BD058}.Debug|iPhoneSimulator.Build.0 = Debug|Any CPU
		{02F4C086-5706-489F-9F49-F9A39C1BD058}.Debug|iPhoneSimulator.Deploy.0 = Debug|Any CPU
		{02F4C086-5706-489F-9F49-F9A39C1BD058}.Release|Any CPU.ActiveCfg = Release|Any CPU
		{02F4C086-5706-489F-9F49-F9A39C1BD058}.Release|Any CPU.Build.0 = Release|Any CPU
		{02F4C086-5706-489F-9F49-F9A39C1BD058}.Release|Any CPU.Deploy.0 = Release|Any CPU
		{02F4C086-5706-489F-9F49-F9A39C1BD058}.Release|iPhone.ActiveCfg = Release|Any CPU
		{02F4C086-5706-489F-9F49-F9A39C1BD058}.Release|iPhone.Build.0 = Release|Any CPU
		{02F4C086-5706-489F-9F49-F9A39C1BD058}.Release|iPhone.Deploy.0 = Release|Any CPU
		{02F4C086-5706-489F-9F49-F9A39C1BD058}.Release|iPhoneSimulator.ActiveCfg = Release|Any CPU
		{02F4C086-5706-489F-9F49-F9A39C1BD058}.Release|iPhoneSimulator.Build.0 = Release|Any CPU
		{02F4C086-5706-489F-9F49-F9A39C1BD058}.Release|iPhoneSimulator.Deploy.0 = Release|Any CPU
	EndGlobalSection
	GlobalSection(SolutionProperties) = preSolution
		HideSolutionNode = FALSE
	EndGlobalSection
	GlobalSection(ExtensibilityGlobals) = postSolution
		SolutionGuid = {F4977D8C-1A34-4244-84AC-BBF7C01E3ACF}
	EndGlobalSection
EndGlobal
